// !$*UTF8*$!
{
	archiveVersion = 1;
	classes = {
	};
	objectVersion = 46;
	objects = {

/* Begin PBXBuildFile section */
		64E659E81EF20AF3006343B1 /* CartTableView.swift in Sources */ = {isa = PBXBuildFile; fileRef = 64E659E71EF20AF3006343B1 /* CartTableView.swift */; };
		EF0530E81ECA990A0077BF0F /* descriptions.rtf in Resources */ = {isa = PBXBuildFile; fileRef = EF0530E71ECA990A0077BF0F /* descriptions.rtf */; };
		EF0920711EC15BD100297ADF /* AppDelegate.swift in Sources */ = {isa = PBXBuildFile; fileRef = EF0920701EC15BD100297ADF /* AppDelegate.swift */; };
		EF0920731EC15BD100297ADF /* ViewController.swift in Sources */ = {isa = PBXBuildFile; fileRef = EF0920721EC15BD100297ADF /* ViewController.swift */; };
		EF0920781EC15BD100297ADF /* Assets.xcassets in Resources */ = {isa = PBXBuildFile; fileRef = EF0920771EC15BD100297ADF /* Assets.xcassets */; };
		EF09207B1EC15BD100297ADF /* LaunchScreen.storyboard in Resources */ = {isa = PBXBuildFile; fileRef = EF0920791EC15BD100297ADF /* LaunchScreen.storyboard */; };
		EF0920831EC15FE700297ADF /* TableViewController.swift in Sources */ = {isa = PBXBuildFile; fileRef = EF0920821EC15FE700297ADF /* TableViewController.swift */; };
		EF0920851EC1617B00297ADF /* TableViewCell.swift in Sources */ = {isa = PBXBuildFile; fileRef = EF0920841EC1617B00297ADF /* TableViewCell.swift */; };
		EF1426C21EC4093E00DBBA71 /* DetailPageViewController.swift in Sources */ = {isa = PBXBuildFile; fileRef = EF1426C11EC4093E00DBBA71 /* DetailPageViewController.swift */; };
		EF26B34C1EC53E0A00AB2E80 /* File.strings in Resources */ = {isa = PBXBuildFile; fileRef = EF26B34B1EC53E0A00AB2E80 /* File.strings */; };
		EF341F6D1EE6360C0024822F /* ListViewApp_AndreZhu.xcdatamodeld in Sources */ = {isa = PBXBuildFile; fileRef = EF341F6B1EE6360C0024822F /* ListViewApp_AndreZhu.xcdatamodeld */; };
		EF3D280F1ECD1F9300D42E8C /* moviepics in Resources */ = {isa = PBXBuildFile; fileRef = EF3D280E1ECD1F9300D42E8C /* moviepics */; };
		EF5245D51ECBE824005F90F1 /* movies.txt in Resources */ = {isa = PBXBuildFile; fileRef = EF5245D41ECBE824005F90F1 /* movies.txt */; };
		EF611BF41EEF6EA1003BA928 /* CartViewController.swift in Sources */ = {isa = PBXBuildFile; fileRef = EF611BF31EEF6EA1003BA928 /* CartViewController.swift */; };
		EF611BF61EEF6FC5003BA928 /* CheckoutTableView.swift in Sources */ = {isa = PBXBuildFile; fileRef = EF611BF51EEF6FC5003BA928 /* CheckoutTableView.swift */; };
		EF611BF81EEF6FE1003BA928 /* TotalsView.swift in Sources */ = {isa = PBXBuildFile; fileRef = EF611BF71EEF6FE1003BA928 /* TotalsView.swift */; };
		EF8750AA1EF0BBF700B4BFB7 /* SettingsViewController.swift in Sources */ = {isa = PBXBuildFile; fileRef = EF8750A91EF0BBF700B4BFB7 /* SettingsViewController.swift */; };
		EF8750AC1EF0BF8500B4BFB7 /* SettingsItem.swift in Sources */ = {isa = PBXBuildFile; fileRef = EF8750AB1EF0BF8500B4BFB7 /* SettingsItem.swift */; };
		EF8750AE1EF0C42200B4BFB7 /* SearchSettings.swift in Sources */ = {isa = PBXBuildFile; fileRef = EF8750AD1EF0C42200B4BFB7 /* SearchSettings.swift */; };
		EF8750B01EF0CFAA00B4BFB7 /* SettingsOptionCell.swift in Sources */ = {isa = PBXBuildFile; fileRef = EF8750AF1EF0CFAA00B4BFB7 /* SettingsOptionCell.swift */; };
		EF8750B21EF0CFFF00B4BFB7 /* SearchOptionsController.swift in Sources */ = {isa = PBXBuildFile; fileRef = EF8750B11EF0CFFF00B4BFB7 /* SearchOptionsController.swift */; };
		EFC932271ECA87170066609C /* Main.storyboard in Resources */ = {isa = PBXBuildFile; fileRef = EFC932251ECA87170066609C /* Main.storyboard */; };
		EFCAC3541EDFB29B007D3018 /* ToDoItem.swift in Sources */ = {isa = PBXBuildFile; fileRef = EFCAC3531EDFB29B007D3018 /* ToDoItem.swift */; };
/* End PBXBuildFile section */

/* Begin PBXFileReference section */
		64E659E71EF20AF3006343B1 /* CartTableView.swift */ = {isa = PBXFileReference; fileEncoding = 4; lastKnownFileType = sourcecode.swift; path = CartTableView.swift; sourceTree = "<group>"; };
		EF0530E71ECA990A0077BF0F /* descriptions.rtf */ = {isa = PBXFileReference; fileEncoding = 4; lastKnownFileType = text.rtf; path = descriptions.rtf; sourceTree = "<group>"; };
		EF09206D1EC15BD100297ADF /* ListViewApp_AndreZhu.app */ = {isa = PBXFileReference; explicitFileType = wrapper.application; includeInIndex = 0; path = ListViewApp_AndreZhu.app; sourceTree = BUILT_PRODUCTS_DIR; };
		EF0920701EC15BD100297ADF /* AppDelegate.swift */ = {isa = PBXFileReference; lastKnownFileType = sourcecode.swift; path = AppDelegate.swift; sourceTree = "<group>"; };
		EF0920721EC15BD100297ADF /* ViewController.swift */ = {isa = PBXFileReference; lastKnownFileType = sourcecode.swift; path = ViewController.swift; sourceTree = "<group>"; };
		EF0920771EC15BD100297ADF /* Assets.xcassets */ = {isa = PBXFileReference; lastKnownFileType = folder.assetcatalog; path = Assets.xcassets; sourceTree = "<group>"; };
		EF09207A1EC15BD100297ADF /* Base */ = {isa = PBXFileReference; lastKnownFileType = file.storyboard; name = Base; path = Base.lproj/LaunchScreen.storyboard; sourceTree = "<group>"; };
		EF09207C1EC15BD100297ADF /* Info.plist */ = {isa = PBXFileReference; lastKnownFileType = text.plist.xml; path = Info.plist; sourceTree = "<group>"; };
		EF0920821EC15FE700297ADF /* TableViewController.swift */ = {isa = PBXFileReference; fileEncoding = 4; lastKnownFileType = sourcecode.swift; path = TableViewController.swift; sourceTree = "<group>"; };
		EF0920841EC1617B00297ADF /* TableViewCell.swift */ = {isa = PBXFileReference; fileEncoding = 4; lastKnownFileType = sourcecode.swift; path = TableViewCell.swift; sourceTree = "<group>"; };
		EF1426C11EC4093E00DBBA71 /* DetailPageViewController.swift */ = {isa = PBXFileReference; fileEncoding = 4; lastKnownFileType = sourcecode.swift; path = DetailPageViewController.swift; sourceTree = "<group>"; };
		EF26B34B1EC53E0A00AB2E80 /* File.strings */ = {isa = PBXFileReference; fileEncoding = 4; lastKnownFileType = text.plist.strings; path = File.strings; sourceTree = "<group>"; };
		EF341F6C1EE6360C0024822F /* ListViewApp_AndreZhu.xcdatamodel */ = {isa = PBXFileReference; lastKnownFileType = wrapper.xcdatamodel; path = ListViewApp_AndreZhu.xcdatamodel; sourceTree = "<group>"; };
		EF3D280E1ECD1F9300D42E8C /* moviepics */ = {isa = PBXFileReference; lastKnownFileType = folder; path = moviepics; sourceTree = "<group>"; };
		EF5245D41ECBE824005F90F1 /* movies.txt */ = {isa = PBXFileReference; fileEncoding = 4; lastKnownFileType = text; path = movies.txt; sourceTree = "<group>"; };
		EF611BF31EEF6EA1003BA928 /* CartViewController.swift */ = {isa = PBXFileReference; fileEncoding = 4; lastKnownFileType = sourcecode.swift; path = CartViewController.swift; sourceTree = "<group>"; };
		EF611BF51EEF6FC5003BA928 /* CheckoutTableView.swift */ = {isa = PBXFileReference; fileEncoding = 4; lastKnownFileType = sourcecode.swift; path = CheckoutTableView.swift; sourceTree = "<group>"; };
		EF611BF71EEF6FE1003BA928 /* TotalsView.swift */ = {isa = PBXFileReference; fileEncoding = 4; lastKnownFileType = sourcecode.swift; path = TotalsView.swift; sourceTree = "<group>"; };
		EF8750A91EF0BBF700B4BFB7 /* SettingsViewController.swift */ = {isa = PBXFileReference; fileEncoding = 4; lastKnownFileType = sourcecode.swift; path = SettingsViewController.swift; sourceTree = "<group>"; };
		EF8750AB1EF0BF8500B4BFB7 /* SettingsItem.swift */ = {isa = PBXFileReference; fileEncoding = 4; lastKnownFileType = sourcecode.swift; path = SettingsItem.swift; sourceTree = "<group>"; };
		EF8750AD1EF0C42200B4BFB7 /* SearchSettings.swift */ = {isa = PBXFileReference; fileEncoding = 4; lastKnownFileType = sourcecode.swift; path = SearchSettings.swift; sourceTree = "<group>"; };
		EF8750AF1EF0CFAA00B4BFB7 /* SettingsOptionCell.swift */ = {isa = PBXFileReference; fileEncoding = 4; lastKnownFileType = sourcecode.swift; path = SettingsOptionCell.swift; sourceTree = "<group>"; };
		EF8750B11EF0CFFF00B4BFB7 /* SearchOptionsController.swift */ = {isa = PBXFileReference; fileEncoding = 4; lastKnownFileType = sourcecode.swift; path = SearchOptionsController.swift; sourceTree = "<group>"; };
		EFC932261ECA87170066609C /* Base */ = {isa = PBXFileReference; lastKnownFileType = file.storyboard; name = Base; path = Base.lproj/Main.storyboard; sourceTree = "<group>"; };
		EFCAC3531EDFB29B007D3018 /* ToDoItem.swift */ = {isa = PBXFileReference; fileEncoding = 4; lastKnownFileType = sourcecode.swift; path = ToDoItem.swift; sourceTree = "<group>"; };
/* End PBXFileReference section */

/* Begin PBXFrameworksBuildPhase section */
		EF09206A1EC15BD100297ADF /* Frameworks */ = {
			isa = PBXFrameworksBuildPhase;
			buildActionMask = 2147483647;
			files = (
			);
			runOnlyForDeploymentPostprocessing = 0;
		};
/* End PBXFrameworksBuildPhase section */

/* Begin PBXGroup section */
		EF0920641EC15BD100297ADF = {
			isa = PBXGroup;
			children = (
				EF09206F1EC15BD100297ADF /* ListViewApp_AndreZhu */,
				EF09206E1EC15BD100297ADF /* Products */,
			);
			sourceTree = "<group>";
		};
		EF09206E1EC15BD100297ADF /* Products */ = {
			isa = PBXGroup;
			children = (
				EF09206D1EC15BD100297ADF /* ListViewApp_AndreZhu.app */,
			);
			name = Products;
			sourceTree = "<group>";
		};
		EF09206F1EC15BD100297ADF /* ListViewApp_AndreZhu */ = {
			isa = PBXGroup;
			children = (
				EFC932251ECA87170066609C /* Main.storyboard */,
				64E659E71EF20AF3006343B1 /* CartTableView.swift */,
				EF8750B11EF0CFFF00B4BFB7 /* SearchOptionsController.swift */,
				EF8750AF1EF0CFAA00B4BFB7 /* SettingsOptionCell.swift */,
				EF8750A91EF0BBF700B4BFB7 /* SettingsViewController.swift */,
				EF8750AB1EF0BF8500B4BFB7 /* SettingsItem.swift */,
				EF611BF51EEF6FC5003BA928 /* CheckoutTableView.swift */,
				EF611BF71EEF6FE1003BA928 /* TotalsView.swift */,
				EF611BF31EEF6EA1003BA928 /* CartViewController.swift */,
				EF0920701EC15BD100297ADF /* AppDelegate.swift */,
				EF341F6B1EE6360C0024822F /* ListViewApp_AndreZhu.xcdatamodeld */,
				EF0920721EC15BD100297ADF /* ViewController.swift */,
				EF0920821EC15FE700297ADF /* TableViewController.swift */,
				EF8750AD1EF0C42200B4BFB7 /* SearchSettings.swift */,
				EF0920841EC1617B00297ADF /* TableViewCell.swift */,
				EF1426C11EC4093E00DBBA71 /* DetailPageViewController.swift */,
				EFCAC3531EDFB29B007D3018 /* ToDoItem.swift */,
				EF0920771EC15BD100297ADF /* Assets.xcassets */,
				EF0920791EC15BD100297ADF /* LaunchScreen.storyboard */,
				EF09207C1EC15BD100297ADF /* Info.plist */,
				EF26B34B1EC53E0A00AB2E80 /* File.strings */,
				EF5245D41ECBE824005F90F1 /* movies.txt */,
				EF0530E71ECA990A0077BF0F /* descriptions.rtf */,
				EF3D280E1ECD1F9300D42E8C /* moviepics */,
			);
			path = ListViewApp_AndreZhu;
			sourceTree = "<group>";
		};
/* End PBXGroup section */

/* Begin PBXNativeTarget section */
		EF09206C1EC15BD100297ADF /* ListViewApp_AndreZhu */ = {
			isa = PBXNativeTarget;
			buildConfigurationList = EF09207F1EC15BD100297ADF /* Build configuration list for PBXNativeTarget "ListViewApp_AndreZhu" */;
			buildPhases = (
				EF0920691EC15BD100297ADF /* Sources */,
				EF09206A1EC15BD100297ADF /* Frameworks */,
				EF09206B1EC15BD100297ADF /* Resources */,
			);
			buildRules = (
			);
			dependencies = (
			);
			name = ListViewApp_AndreZhu;
			productName = ListViewApp_AndreZhu;
			productReference = EF09206D1EC15BD100297ADF /* ListViewApp_AndreZhu.app */;
			productType = "com.apple.product-type.application";
		};
/* End PBXNativeTarget section */

/* Begin PBXProject section */
		EF0920651EC15BD100297ADF /* Project object */ = {
			isa = PBXProject;
			attributes = {
				LastSwiftUpdateCheck = 0810;
				LastUpgradeCheck = 0810;
				ORGANIZATIONNAME = "Andre  Zhu";
				TargetAttributes = {
					EF09206C1EC15BD100297ADF = {
						CreatedOnToolsVersion = 8.1;
						ProvisioningStyle = Automatic;
					};
				};
			};
			buildConfigurationList = EF0920681EC15BD100297ADF /* Build configuration list for PBXProject "ListViewApp_AndreZhu" */;
			compatibilityVersion = "Xcode 3.2";
			developmentRegion = English;
			hasScannedForEncodings = 0;
			knownRegions = (
				en,
				Base,
			);
			mainGroup = EF0920641EC15BD100297ADF;
			productRefGroup = EF09206E1EC15BD100297ADF /* Products */;
			projectDirPath = "";
			projectRoot = "";
			targets = (
				EF09206C1EC15BD100297ADF /* ListViewApp_AndreZhu */,
			);
		};
/* End PBXProject section */

/* Begin PBXResourcesBuildPhase section */
		EF09206B1EC15BD100297ADF /* Resources */ = {
			isa = PBXResourcesBuildPhase;
			buildActionMask = 2147483647;
			files = (
				EF26B34C1EC53E0A00AB2E80 /* File.strings in Resources */,
				EF5245D51ECBE824005F90F1 /* movies.txt in Resources */,
				EF09207B1EC15BD100297ADF /* LaunchScreen.storyboard in Resources */,
				EF0920781EC15BD100297ADF /* Assets.xcassets in Resources */,
				EFC932271ECA87170066609C /* Main.storyboard in Resources */,
				EF0530E81ECA990A0077BF0F /* descriptions.rtf in Resources */,
				EF3D280F1ECD1F9300D42E8C /* moviepics in Resources */,
			);
			runOnlyForDeploymentPostprocessing = 0;
		};
/* End PBXResourcesBuildPhase section */

/* Begin PBXSourcesBuildPhase section */
		EF0920691EC15BD100297ADF /* Sources */ = {
			isa = PBXSourcesBuildPhase;
			buildActionMask = 2147483647;
			files = (
				EF1426C21EC4093E00DBBA71 /* DetailPageViewController.swift in Sources */,
				EF0920731EC15BD100297ADF /* ViewController.swift in Sources */,
				EF8750B21EF0CFFF00B4BFB7 /* SearchOptionsController.swift in Sources */,
				EF8750AA1EF0BBF700B4BFB7 /* SettingsViewController.swift in Sources */,
				EFCAC3541EDFB29B007D3018 /* ToDoItem.swift in Sources */,
				EF0920851EC1617B00297ADF /* TableViewCell.swift in Sources */,
				EF8750AE1EF0C42200B4BFB7 /* SearchSettings.swift in Sources */,
				EF8750AC1EF0BF8500B4BFB7 /* SettingsItem.swift in Sources */,
				EF8750B01EF0CFAA00B4BFB7 /* SettingsOptionCell.swift in Sources */,
				EF611BF41EEF6EA1003BA928 /* CartViewController.swift in Sources */,
				EF611BF81EEF6FE1003BA928 /* TotalsView.swift in Sources */,
				64E659E81EF20AF3006343B1 /* CartTableView.swift in Sources */,
				EF0920831EC15FE700297ADF /* TableViewController.swift in Sources */,
				EF0920711EC15BD100297ADF /* AppDelegate.swift in Sources */,
				EF341F6D1EE6360C0024822F /* ListViewApp_AndreZhu.xcdatamodeld in Sources */,
				EF611BF61EEF6FC5003BA928 /* CheckoutTableView.swift in Sources */,
			);
			runOnlyForDeploymentPostprocessing = 0;
		};
/* End PBXSourcesBuildPhase section */

/* Begin PBXVariantGroup section */
		EF0920791EC15BD100297ADF /* LaunchScreen.storyboard */ = {
			isa = PBXVariantGroup;
			children = (
				EF09207A1EC15BD100297ADF /* Base */,
			);
			name = LaunchScreen.storyboard;
			sourceTree = "<group>";
		};
		EFC932251ECA87170066609C /* Main.storyboard */ = {
			isa = PBXVariantGroup;
			children = (
				EFC932261ECA87170066609C /* Base */,
			);
			name = Main.storyboard;
			sourceTree = "<group>";
		};
/* End PBXVariantGroup section */

/* Begin XCBuildConfiguration section */
		EF09207D1EC15BD100297ADF /* Debug */ = {
			isa = XCBuildConfiguration;
			buildSettings = {
				ALWAYS_SEARCH_USER_PATHS = NO;
				CLANG_ANALYZER_NONNULL = YES;
				CLANG_CXX_LANGUAGE_STANDARD = "gnu++0x";
				CLANG_CXX_LIBRARY = "libc++";
				CLANG_ENABLE_MODULES = YES;
				CLANG_ENABLE_OBJC_ARC = YES;
				CLANG_WARN_BOOL_CONVERSION = YES;
				CLANG_WARN_CONSTANT_CONVERSION = YES;
				CLANG_WARN_DIRECT_OBJC_ISA_USAGE = YES_ERROR;
				CLANG_WARN_DOCUMENTATION_COMMENTS = YES;
				CLANG_WARN_EMPTY_BODY = YES;
				CLANG_WARN_ENUM_CONVERSION = YES;
				CLANG_WARN_INFINITE_RECURSION = YES;
				CLANG_WARN_INT_CONVERSION = YES;
				CLANG_WARN_OBJC_ROOT_CLASS = YES_ERROR;
				CLANG_WARN_SUSPICIOUS_MOVES = YES;
				CLANG_WARN_UNREACHABLE_CODE = YES;
				CLANG_WARN__DUPLICATE_METHOD_MATCH = YES;
				"CODE_SIGN_IDENTITY[sdk=iphoneos*]" = "iPhone Developer";
				COPY_PHASE_STRIP = NO;
				DEBUG_INFORMATION_FORMAT = dwarf;
				ENABLE_STRICT_OBJC_MSGSEND = YES;
				ENABLE_TESTABILITY = YES;
				GCC_C_LANGUAGE_STANDARD = gnu99;
				GCC_DYNAMIC_NO_PIC = NO;
				GCC_NO_COMMON_BLOCKS = YES;
				GCC_OPTIMIZATION_LEVEL = 0;
				GCC_PREPROCESSOR_DEFINITIONS = (
					"DEBUG=1",
					"$(inherited)",
				);
				GCC_WARN_64_TO_32_BIT_CONVERSION = YES;
				GCC_WARN_ABOUT_RETURN_TYPE = YES_ERROR;
				GCC_WARN_UNDECLARED_SELECTOR = YES;
				GCC_WARN_UNINITIALIZED_AUTOS = YES_AGGRESSIVE;
				GCC_WARN_UNUSED_FUNCTION = YES;
				GCC_WARN_UNUSED_VARIABLE = YES;
				IPHONEOS_DEPLOYMENT_TARGET = 10.1;
				MTL_ENABLE_DEBUG_INFO = YES;
				ONLY_ACTIVE_ARCH = YES;
				SDKROOT = iphoneos;
				SWIFT_ACTIVE_COMPILATION_CONDITIONS = DEBUG;
				SWIFT_OPTIMIZATION_LEVEL = "-Onone";
				TARGETED_DEVICE_FAMILY = "1,2";
			};
			name = Debug;
		};
		EF09207E1EC15BD100297ADF /* Release */ = {
			isa = XCBuildConfiguration;
			buildSettings = {
				ALWAYS_SEARCH_USER_PATHS = NO;
				CLANG_ANALYZER_NONNULL = YES;
				CLANG_CXX_LANGUAGE_STANDARD = "gnu++0x";
				CLANG_CXX_LIBRARY = "libc++";
				CLANG_ENABLE_MODULES = YES;
				CLANG_ENABLE_OBJC_ARC = YES;
				CLANG_WARN_BOOL_CONVERSION = YES;
				CLANG_WARN_CONSTANT_CONVERSION = YES;
				CLANG_WARN_DIRECT_OBJC_ISA_USAGE = YES_ERROR;
				CLANG_WARN_DOCUMENTATION_COMMENTS = YES;
				CLANG_WARN_EMPTY_BODY = YES;
				CLANG_WARN_ENUM_CONVERSION = YES;
				CLANG_WARN_INFINITE_RECURSION = YES;
				CLANG_WARN_INT_CONVERSION = YES;
				CLANG_WARN_OBJC_ROOT_CLASS = YES_ERROR;
				CLANG_WARN_SUSPICIOUS_MOVES = YES;
				CLANG_WARN_UNREACHABLE_CODE = YES;
				CLANG_WARN__DUPLICATE_METHOD_MATCH = YES;
				"CODE_SIGN_IDENTITY[sdk=iphoneos*]" = "iPhone Developer";
				COPY_PHASE_STRIP = NO;
				DEBUG_INFORMATION_FORMAT = "dwarf-with-dsym";
				ENABLE_NS_ASSERTIONS = NO;
				ENABLE_STRICT_OBJC_MSGSEND = YES;
				GCC_C_LANGUAGE_STANDARD = gnu99;
				GCC_NO_COMMON_BLOCKS = YES;
				GCC_WARN_64_TO_32_BIT_CONVERSION = YES;
				GCC_WARN_ABOUT_RETURN_TYPE = YES_ERROR;
				GCC_WARN_UNDECLARED_SELECTOR = YES;
				GCC_WARN_UNINITIALIZED_AUTOS = YES_AGGRESSIVE;
				GCC_WARN_UNUSED_FUNCTION = YES;
				GCC_WARN_UNUSED_VARIABLE = YES;
				IPHONEOS_DEPLOYMENT_TARGET = 10.1;
				MTL_ENABLE_DEBUG_INFO = NO;
				SDKROOT = iphoneos;
				SWIFT_OPTIMIZATION_LEVEL = "-Owholemodule";
				TARGETED_DEVICE_FAMILY = "1,2";
				VALIDATE_PRODUCT = YES;
			};
			name = Release;
		};
		EF0920801EC15BD100297ADF /* Debug */ = {
			isa = XCBuildConfiguration;
			buildSettings = {
				ASSETCATALOG_COMPILER_APPICON_NAME = AppIcon;
				INFOPLIST_FILE = ListViewApp_AndreZhu/Info.plist;
				LD_RUNPATH_SEARCH_PATHS = "$(inherited) @executable_path/Frameworks";
				PRODUCT_BUNDLE_IDENTIFIER = "az.ListViewApp-AndreZhu";
				PRODUCT_NAME = "$(TARGET_NAME)";
				SWIFT_VERSION = 3.0;
			};
			name = Debug;
		};
		EF0920811EC15BD100297ADF /* Release */ = {
			isa = XCBuildConfiguration;
			buildSettings = {
				ASSETCATALOG_COMPILER_APPICON_NAME = AppIcon;
				INFOPLIST_FILE = ListViewApp_AndreZhu/Info.plist;
				LD_RUNPATH_SEARCH_PATHS = "$(inherited) @executable_path/Frameworks";
				PRODUCT_BUNDLE_IDENTIFIER = "az.ListViewApp-AndreZhu";
				PRODUCT_NAME = "$(TARGET_NAME)";
				SWIFT_VERSION = 3.0;
			};
			name = Release;
		};
/* End XCBuildConfiguration section */

/* Begin XCConfigurationList section */
		EF0920681EC15BD100297ADF /* Build configuration list for PBXProject "ListViewApp_AndreZhu" */ = {
			isa = XCConfigurationList;
			buildConfigurations = (
				EF09207D1EC15BD100297ADF /* Debug */,
				EF09207E1EC15BD100297ADF /* Release */,
			);
			defaultConfigurationIsVisible = 0;
			defaultConfigurationName = Release;
		};
		EF09207F1EC15BD100297ADF /* Build configuration list for PBXNativeTarget "ListViewApp_AndreZhu" */ = {
			isa = XCConfigurationList;
			buildConfigurations = (
				EF0920801EC15BD100297ADF /* Debug */,
				EF0920811EC15BD100297ADF /* Release */,
			);
			defaultConfigurationIsVisible = 0;
			defaultConfigurationName = Release;
		};
/* End XCConfigurationList section */

/* Begin XCVersionGroup section */
		EF341F6B1EE6360C0024822F /* ListViewApp_AndreZhu.xcdatamodeld */ = {
			isa = XCVersionGroup;
			children = (
				EF341F6C1EE6360C0024822F /* ListViewApp_AndreZhu.xcdatamodel */,
			);
			currentVersion = EF341F6C1EE6360C0024822F /* ListViewApp_AndreZhu.xcdatamodel */;
			path = ListViewApp_AndreZhu.xcdatamodeld;
			sourceTree = "<group>";
			versionGroupType = wrapper.xcdatamodel;
		};
/* End XCVersionGroup section */
	};
	rootObject = EF0920651EC15BD100297ADF /* Project object */;
}
