// !$*UTF8*$!
{
	archiveVersion = 1;
	classes = {
	};
	objectVersion = 46;
	objects = {

/* Begin PBXBuildFile section */
		EF0920711EC15BD100297ADF /* AppDelegate.swift in Sources */ = {isa = PBXBuildFile; fileRef = EF0920701EC15BD100297ADF /* AppDelegate.swift */; };
		EF0920731EC15BD100297ADF /* ViewController.swift in Sources */ = {isa = PBXBuildFile; fileRef = EF0920721EC15BD100297ADF /* ViewController.swift */; };
		EF0920761EC15BD100297ADF /* Main.storyboard in Resources */ = {isa = PBXBuildFile; fileRef = EF0920741EC15BD100297ADF /* Main.storyboard */; };
		EF0920781EC15BD100297ADF /* Assets.xcassets in Resources */ = {isa = PBXBuildFile; fileRef = EF0920771EC15BD100297ADF /* Assets.xcassets */; };
		EF09207B1EC15BD100297ADF /* LaunchScreen.storyboard in Resources */ = {isa = PBXBuildFile; fileRef = EF0920791EC15BD100297ADF /* LaunchScreen.storyboard */; };
/* End PBXBuildFile section */

/* Begin PBXFileReference section */
		EF09206D1EC15BD100297ADF /* ListViewApp_AndreZhu.app */ = {isa = PBXFileReference; explicitFileType = wrapper.application; includeInIndex = 0; path = ListViewApp_AndreZhu.app; sourceTree = BUILT_PRODUCTS_DIR; };
		EF0920701EC15BD100297ADF /* AppDelegate.swift */ = {isa = PBXFileReference; lastKnownFileType = sourcecode.swift; path = AppDelegate.swift; sourceTree = "<group>"; };
		EF0920721EC15BD100297ADF /* ViewController.swift */ = {isa = PBXFileReference; lastKnownFileType = sourcecode.swift; path = ViewController.swift; sourceTree = "<group>"; };
		EF0920751EC15BD100297ADF /* Base */ = {isa = PBXFileReference; lastKnownFileType = file.storyboard; name = Base; path = Base.lproj/Main.storyboard; sourceTree = "<group>"; };
		EF0920771EC15BD100297ADF /* Assets.xcassets */ = {isa = PBXFileReference; lastKnownFileType = folder.assetcatalog; path = Assets.xcassets; sourceTree = "<group>"; };
		EF09207A1EC15BD100297ADF /* Base */ = {isa = PBXFileReference; lastKnownFileType = file.storyboard; name = Base; path = Base.lproj/LaunchScreen.storyboard; sourceTree = "<group>"; };
		EF09207C1EC15BD100297ADF /* Info.plist */ = {isa = PBXFileReference; lastKnownFileType = text.plist.xml; path = Info.plist; sourceTree = "<group>"; };
/* End PBXFileReference section */

/* Begin PBXFrameworksBuildPhase section */
		EF09206A1EC15BD100297ADF /* Frameworks */ = {
			isa = PBXFrameworksBuildPhase;
			buildActionMask = 2147483647;
			files = (
			);
			runOnlyForDeploymentPostprocessing = 0;
		};
/* End PBXFrameworksBuildPhase section */

/* Begin PBXGroup section */
		EF0920641EC15BD100297ADF = {
			isa = PBXGroup;
			children = (
				EF09206F1EC15BD100297ADF /* ListViewApp_AndreZhu */,
				EF09206E1EC15BD100297ADF /* Products */,
			);
			sourceTree = "<group>";
		};
		EF09206E1EC15BD100297ADF /* Products */ = {
			isa = PBXGroup;
			children = (
				EF09206D1EC15BD100297ADF /* ListViewApp_AndreZhu.app */,
			);
			name = Products;
			sourceTree = "<group>";
		};
		EF09206F1EC15BD100297ADF /* ListViewApp_AndreZhu */ = {
			isa = PBXGroup;
			children = (
				EF0920701EC15BD100297ADF /* AppDelegate.swift */,
				EF0920721EC15BD100297ADF /* ViewController.swift */,
				EF0920741EC15BD100297ADF /* Main.storyboard */,
				EF0920771EC15BD100297ADF /* Assets.xcassets */,
				EF0920791EC15BD100297ADF /* LaunchScreen.storyboard */,
				EF09207C1EC15BD100297ADF /* Info.plist */,
			);
			path = ListViewApp_AndreZhu;
			sourceTree = "<group>";
		};
/* End PBXGroup section */

/* Begin PBXNativeTarget section */
		EF09206C1EC15BD100297ADF /* ListViewApp_AndreZhu */ = {
			isa = PBXNativeTarget;
			buildConfigurationList = EF09207F1EC15BD100297ADF /* Build configuration list for PBXNativeTarget "ListViewApp_AndreZhu" */;
			buildPhases = (
				EF0920691EC15BD100297ADF /* Sources */,
				EF09206A1EC15BD100297ADF /* Frameworks */,
				EF09206B1EC15BD100297ADF /* Resources */,
			);
			buildRules = (
			);
			dependencies = (
			);
			name = ListViewApp_AndreZhu;
			productName = ListViewApp_AndreZhu;
			productReference = EF09206D1EC15BD100297ADF /* ListViewApp_AndreZhu.app */;
			productType = "com.apple.product-type.application";
		};
/* End PBXNativeTarget section */

/* Begin PBXProject section */
		EF0920651EC15BD100297ADF /* Project object */ = {
			isa = PBXProject;
			attributes = {
				LastSwiftUpdateCheck = 0810;
				LastUpgradeCheck = 0810;
				ORGANIZATIONNAME = "Andre  Zhu";
				TargetAttributes = {
					EF09206C1EC15BD100297ADF = {
						CreatedOnToolsVersion = 8.1;
						ProvisioningStyle = Automatic;
					};
				};
			};
			buildConfigurationList = EF0920681EC15BD100297ADF /* Build configuration list for PBXProject "ListViewApp_AndreZhu" */;
			compatibilityVersion = "Xcode 3.2";
			developmentRegion = English;
			hasScannedForEncodings = 0;
			knownRegions = (
				en,
				Base,
			);
			mainGroup = EF0920641EC15BD100297ADF;
			productRefGroup = EF09206E1EC15BD100297ADF /* Products */;
			projectDirPath = "";
			projectRoot = "";
			targets = (
				EF09206C1EC15BD100297ADF /* ListViewApp_AndreZhu */,
			);
		};
/* End PBXProject section */

/* Begin PBXResourcesBuildPhase section */
		EF09206B1EC15BD100297ADF /* Resources */ = {
			isa = PBXResourcesBuildPhase;
			buildActionMask = 2147483647;
			files = (
				EF09207B1EC15BD100297ADF /* LaunchScreen.storyboard in Resources */,
				EF0920781EC15BD100297ADF /* Assets.xcassets in Resources */,
				EF0920761EC15BD100297ADF /* Main.storyboard in Resources */,
			);
			runOnlyForDeploymentPostprocessing = 0;
		};
/* End PBXResourcesBuildPhase section */

/* Begin PBXSourcesBuildPhase section */
		EF0920691EC15BD100297ADF /* Sources */ = {
			isa = PBXSourcesBuildPhase;
			buildActionMask = 2147483647;
			files = (
				EF0920731EC15BD100297ADF /* ViewController.swift in Sources */,
				EF0920711EC15BD100297ADF /* AppDelegate.swift in Sources */,
			);
			runOnlyForDeploymentPostprocessing = 0;
		};
/* End PBXSourcesBuildPhase section */

/* Begin PBXVariantGroup section */
		EF0920741EC15BD100297ADF /* Main.storyboard */ = {
			isa = PBXVariantGroup;
			children = (
				EF0920751EC15BD100297ADF /* Base */,
			);
			name = Main.storyboard;
			sourceTree = "<group>";
		};
		EF0920791EC15BD100297ADF /* LaunchScreen.storyboard */ = {
			isa = PBXVariantGroup;
			children = (
				EF09207A1EC15BD100297ADF /* Base */,
			);
			name = LaunchScreen.storyboard;
			sourceTree = "<group>";
		};
/* End PBXVariantGroup section */

/* Begin XCBuildConfiguration section */
		EF09207D1EC15BD100297ADF /* Debug */ = {
			isa = XCBuildConfiguration;
			buildSettings = {
				ALWAYS_SEARCH_USER_PATHS = NO;
				CLANG_ANALYZER_NONNULL = YES;
				CLANG_CXX_LANGUAGE_STANDARD = "gnu++0x";
				CLANG_CXX_LIBRARY = "libc++";
				CLANG_ENABLE_MODULES = YES;
				CLANG_ENABLE_OBJC_ARC = YES;
				CLANG_WARN_BOOL_CONVERSION = YES;
				CLANG_WARN_CONSTANT_CONVERSION = YES;
				CLANG_WARN_DIRECT_OBJC_ISA_USAGE = YES_ERROR;
				CLANG_WARN_DOCUMENTATION_COMMENTS = YES;
				CLANG_WARN_EMPTY_BODY = YES;
				CLANG_WARN_ENUM_CONVERSION = YES;
				CLANG_WARN_INFINITE_RECURSION = YES;
				CLANG_WARN_INT_CONVERSION = YES;
				CLANG_WARN_OBJC_ROOT_CLASS = YES_ERROR;
				CLANG_WARN_SUSPICIOUS_MOVES = YES;
				CLANG_WARN_UNREACHABLE_CODE = YES;
				CLANG_WARN__DUPLICATE_METHOD_MATCH = YES;
				"CODE_SIGN_IDENTITY[sdk=iphoneos*]" = "iPhone Developer";
				COPY_PHASE_STRIP = NO;
				DEBUG_INFORMATION_FORMAT = dwarf;
				ENABLE_STRICT_OBJC_MSGSEND = YES;
				ENABLE_TESTABILITY = YES;
				GCC_C_LANGUAGE_STANDARD = gnu99;
				GCC_DYNAMIC_NO_PIC = NO;
				GCC_NO_COMMON_BLOCKS = YES;
				GCC_OPTIMIZATION_LEVEL = 0;
				GCC_PREPROCESSOR_DEFINITIONS = (
					"DEBUG=1",
					"$(inherited)",
				);
				GCC_WARN_64_TO_32_BIT_CONVERSION = YES;
				GCC_WARN_ABOUT_RETURN_TYPE = YES_ERROR;
				GCC_WARN_UNDECLARED_SELECTOR = YES;
				GCC_WARN_UNINITIALIZED_AUTOS = YES_AGGRESSIVE;
				GCC_WARN_UNUSED_FUNCTION = YES;
				GCC_WARN_UNUSED_VARIABLE = YES;
				IPHONEOS_DEPLOYMENT_TARGET = 10.1;
				MTL_ENABLE_DEBUG_INFO = YES;
				ONLY_ACTIVE_ARCH = YES;
				SDKROOT = iphoneos;
				SWIFT_ACTIVE_COMPILATION_CONDITIONS = DEBUG;
				SWIFT_OPTIMIZATION_LEVEL = "-Onone";
				TARGETED_DEVICE_FAMILY = "1,2";
			};
			name = Debug;
		};
		EF09207E1EC15BD100297ADF /* Release */ = {
			isa = XCBuildConfiguration;
			buildSettings = {
				ALWAYS_SEARCH_USER_PATHS = NO;
				CLANG_ANALYZER_NONNULL = YES;
				CLANG_CXX_LANGUAGE_STANDARD = "gnu++0x";
				CLANG_CXX_LIBRARY = "libc++";
				CLANG_ENABLE_MODULES = YES;
				CLANG_ENABLE_OBJC_ARC = YES;
				CLANG_WARN_BOOL_CONVERSION = YES;
				CLANG_WARN_CONSTANT_CONVERSION = YES;
				CLANG_WARN_DIRECT_OBJC_ISA_USAGE = YES_ERROR;
				CLANG_WARN_DOCUMENTATION_COMMENTS = YES;
				CLANG_WARN_EMPTY_BODY = YES;
				CLANG_WARN_ENUM_CONVERSION = YES;
				CLANG_WARN_INFINITE_RECURSION = YES;
				CLANG_WARN_INT_CONVERSION = YES;
				CLANG_WARN_OBJC_ROOT_CLASS = YES_ERROR;
				CLANG_WARN_SUSPICIOUS_MOVES = YES;
				CLANG_WARN_UNREACHABLE_CODE = YES;
				CLANG_WARN__DUPLICATE_METHOD_MATCH = YES;
				"CODE_SIGN_IDENTITY[sdk=iphoneos*]" = "iPhone Developer";
				COPY_PHASE_STRIP = NO;
				DEBUG_INFORMATION_FORMAT = "dwarf-with-dsym";
				ENABLE_NS_ASSERTIONS = NO;
				ENABLE_STRICT_OBJC_MSGSEND = YES;
				GCC_C_LANGUAGE_STANDARD = gnu99;
				GCC_NO_COMMON_BLOCKS = YES;
				GCC_WARN_64_TO_32_BIT_CONVERSION = YES;
				GCC_WARN_ABOUT_RETURN_TYPE = YES_ERROR;
				GCC_WARN_UNDECLARED_SELECTOR = YES;
				GCC_WARN_UNINITIALIZED_AUTOS = YES_AGGRESSIVE;
				GCC_WARN_UNUSED_FUNCTION = YES;
				GCC_WARN_UNUSED_VARIABLE = YES;
				IPHONEOS_DEPLOYMENT_TARGET = 10.1;
				MTL_ENABLE_DEBUG_INFO = NO;
				SDKROOT = iphoneos;
				SWIFT_OPTIMIZATION_LEVEL = "-Owholemodule";
				TARGETED_DEVICE_FAMILY = "1,2";
				VALIDATE_PRODUCT = YES;
			};
			name = Release;
		};
		EF0920801EC15BD100297ADF /* Debug */ = {
			isa = XCBuildConfiguration;
			buildSettings = {
				ASSETCATALOG_COMPILER_APPICON_NAME = AppIcon;
				INFOPLIST_FILE = ListViewApp_AndreZhu/Info.plist;
				LD_RUNPATH_SEARCH_PATHS = "$(inherited) @executable_path/Frameworks";
				PRODUCT_BUNDLE_IDENTIFIER = "az.ListViewApp-AndreZhu";
				PRODUCT_NAME = "$(TARGET_NAME)";
				SWIFT_VERSION = 3.0;
			};
			name = Debug;
		};
		EF0920811EC15BD100297ADF /* Release */ = {
			isa = XCBuildConfiguration;
			buildSettings = {
				ASSETCATALOG_COMPILER_APPICON_NAME = AppIcon;
				INFOPLIST_FILE = ListViewApp_AndreZhu/Info.plist;
				LD_RUNPATH_SEARCH_PATHS = "$(inherited) @executable_path/Frameworks";
				PRODUCT_BUNDLE_IDENTIFIER = "az.ListViewApp-AndreZhu";
				PRODUCT_NAME = "$(TARGET_NAME)";
				SWIFT_VERSION = 3.0;
			};
			name = Release;
		};
/* End XCBuildConfiguration section */

/* Begin XCConfigurationList section */
		EF0920681EC15BD100297ADF /* Build configuration list for PBXProject "ListViewApp_AndreZhu" */ = {
			isa = XCConfigurationList;
			buildConfigurations = (
				EF09207D1EC15BD100297ADF /* Debug */,
				EF09207E1EC15BD100297ADF /* Release */,
			);
			defaultConfigurationIsVisible = 0;
			defaultConfigurationName = Release;
		};
		EF09207F1EC15BD100297ADF /* Build configuration list for PBXNativeTarget "ListViewApp_AndreZhu" */ = {
			isa = XCConfigurationList;
			buildConfigurations = (
				EF0920801EC15BD100297ADF /* Debug */,
				EF0920811EC15BD100297ADF /* Release */,
			);
			defaultConfigurationIsVisible = 0;
		};
/* End XCConfigurationList section */
	};
	rootObject = EF0920651EC15BD100297ADF /* Project object */;
}
